
Microsoft Visual Studio Solution File, Format Version 12.00
Project("{FAE04EC0-301F-11D3-BF4B-00C04F79EFBC}") = "Kanelson", "Kanelson\Kanelson.csproj", "{A0333199-47DD-4194-AB0D-FA171882428C}"
EndProject
Project("{FAE04EC0-301F-11D3-BF4B-00C04F79EFBC}") = "Kanelson.Contracts", "Kanelson.Contracts\Kanelson.Contracts.csproj", "{C776F0E9-F1C3-4711-8A4C-0199A374DA93}"
EndProject
Project("{2150E333-8FDC-42A3-9474-1A3956D46DE8}") = "Pipeline", "Pipeline", "{0D1F9F23-FDD1-4648-A9CD-1845B607CC0E}"
	ProjectSection(SolutionItems) = preProject
		.github\workflows\main_kanelson.yml = .github\workflows\main_kanelson.yml
		.github\dependabot.yml = .github\dependabot.yml
	EndProjectSection
EndProject
Global
	GlobalSection(SolutionConfigurationPlatforms) = preSolution
		Debug|Any CPU = Debug|Any CPU
		Release|Any CPU = Release|Any CPU
	EndGlobalSection
	GlobalSection(ProjectConfigurationPlatforms) = postSolution
		{A0333199-47DD-4194-AB0D-FA171882428C}.Debug|Any CPU.ActiveCfg = Debug|Any CPU
		{A0333199-47DD-4194-AB0D-FA171882428C}.Debug|Any CPU.Build.0 = Debug|Any CPU
		{A0333199-47DD-4194-AB0D-FA171882428C}.Release|Any CPU.ActiveCfg = Release|Any CPU
		{A0333199-47DD-4194-AB0D-FA171882428C}.Release|Any CPU.Build.0 = Release|Any CPU
		{C776F0E9-F1C3-4711-8A4C-0199A374DA93}.Debug|Any CPU.ActiveCfg = Debug|Any CPU
		{C776F0E9-F1C3-4711-8A4C-0199A374DA93}.Debug|Any CPU.Build.0 = Debug|Any CPU
		{C776F0E9-F1C3-4711-8A4C-0199A374DA93}.Release|Any CPU.ActiveCfg = Release|Any CPU
		{C776F0E9-F1C3-4711-8A4C-0199A374DA93}.Release|Any CPU.Build.0 = Release|Any CPU
	EndGlobalSection
EndGlobal
